# @generated - this file is auto-generated by `mise lock` https://mise.jdx.dev/dev-tools/mise-lock.html

lockfile_version = 1

[[tools.lefthook]]
version = "2.1.8"
backend = "aqua:evilmartians/lefthook"
specifiers = ["latest"]

[tools.lefthook."platforms.linux-arm64"]
checksum = "sha256:2c0af40eb3209917733f72329abc2e91e51aa5fab85475ec515978c852c4d470"
url = "https://github.com/evilmartians/lefthook/releases/download/v2.1.8/lefthook_2.1.8_Linux_aarch64.gz"
url_api = "https://api.github.com/repos/evilmartians/lefthook/releases/assets/424126592"
provenance = "github-attestations"

[tools.lefthook."platforms.linux-arm64-musl"]
checksum = "sha256:2c0af40eb3209917733f72329abc2e91e51aa5fab85475ec515978c852c4d470"
url = "https://github.com/evilmartians/lefthook/releases/download/v2.1.8/lefthook_2.1.8_Linux_aarch64.gz"
url_api = "https://api.github.com/repos/evilmartians/lefthook/releases/assets/424126592"
provenance = "github-attestations"

[tools.lefthook."platforms.linux-x64"]
checksum = "sha256:15420bb2ce30ba5b71e242542b28f06447630011af924a3324ff63a0fee32f8c"
url = "https://github.com/evilmartians/lefthook/releases/download/v2.1.8/lefthook_2.1.8_Linux_x86_64.gz"
url_api = "https://api.github.com/repos/evilmartians/lefthook/releases/assets/424126571"
provenance = "github-attestations"

[tools.lefthook."platforms.linux-x64-musl"]
checksum = "sha256:15420bb2ce30ba5b71e242542b28f06447630011af924a3324ff63a0fee32f8c"
url = "https://github.com/evilmartians/lefthook/releases/download/v2.1.8/lefthook_2.1.8_Linux_x86_64.gz"
url_api = "https://api.github.com/repos/evilmartians/lefthook/releases/assets/424126571"
provenance = "github-attestations"

[tools.lefthook."platforms.macos-arm64"]
checksum = "sha256:911d530d68ba1495beb32009bf895e296208a556a030d254e8d5641823ba7a25"
url = "https://github.com/evilmartians/lefthook/releases/download/v2.1.8/lefthook_2.1.8_MacOS_arm64.gz"
url_api = "https://api.github.com/repos/evilmartians/lefthook/releases/assets/424126567"
provenance = "github-attestations"

[tools.lefthook."platforms.macos-x64"]
checksum = "sha256:5d95768cf7383e21e5320dc1b351671fca009bc44800ec2366f824f5540d354f"
url = "https://github.com/evilmartians/lefthook/releases/download/v2.1.8/lefthook_2.1.8_MacOS_x86_64.gz"
url_api = "https://api.github.com/repos/evilmartians/lefthook/releases/assets/424126552"
provenance = "github-attestations"

[tools.lefthook."platforms.windows-x64"]
checksum = "sha256:13cab0ebb26b89c66bbf53a658c4126bf34202a857412690bb61c14c530b1ecf"
url = "https://github.com/evilmartians/lefthook/releases/download/v2.1.8/lefthook_2.1.8_Windows_x86_64.gz"
url_api = "https://api.github.com/repos/evilmartians/lefthook/releases/assets/424126557"
provenance = "github-attestations"

[[tools.node]]
version = "22.23.2"
backend = "core:node"
specifiers = ["22"]

[tools.node."platforms.linux-arm64"]
checksum = "sha256:013b59cfd2819703a6f4a14ab891fc46fc2a4e3f5bcd92de3fb4929b43e35b30"
url = "https://nodejs.org/dist/v22.23.2/node-v22.23.2-linux-arm64.tar.gz"

[tools.node."platforms.linux-arm64-musl"]
checksum = "sha256:b7a1a2b1c7c76e47550f17764676939840e0a64b4d04bdd375a4ac14bccaa8d8"
url = "https://unofficial-builds.nodejs.org/download/release/v22.23.2/node-v22.23.2-linux-arm64-musl.tar.gz"

[tools.node."platforms.linux-x64"]
checksum = "sha256:b294a556e639d64338823920e5866c21c02741742d2e1529ee1a225c1ec9252a"
url = "https://nodejs.org/dist/v22.23.2/node-v22.23.2-linux-x64.tar.gz"

[tools.node."platforms.linux-x64-musl"]
checksum = "sha256:396e11ee609eb2e5cb990f045c4d037aa47b2c247f3cecb01c5c162e33ffa9af"
url = "https://unofficial-builds.nodejs.org/download/release/v22.23.2/node-v22.23.2-linux-x64-musl.tar.gz"

[tools.node."platforms.macos-arm64"]
checksum = "sha256:61130f394c1630d211dd50aecc4353d379480f36d3ac913cd85dbba1aed585c6"
url = "https://nodejs.org/dist/v22.23.2/node-v22.23.2-darwin-arm64.tar.gz"

[tools.node."platforms.macos-x64"]
checksum = "sha256:58e99022c2ff89395576cc7fd4d98cea24bb68081475d5f88b801ee8729fb026"
url = "https://nodejs.org/dist/v22.23.2/node-v22.23.2-darwin-x64.tar.gz"

[tools.node."platforms.windows-x64"]
checksum = "sha256:1177b4137ba5adaa56354ae40f1080c7450e8ae09cecb47da459d1c52ac99f97"
url = "https://nodejs.org/dist/v22.23.2/node-v22.23.2-win-x64.zip"
